
Microsoft Visual Studio Solution File, Format Version 12.00
# Visual Studio Version 16
VisualStudioVersion = 16.0.31410.357
MinimumVisualStudioVersion = 10.0.40219.1
Project("{FAE04EC0-301F-11D3-BF4B-00C04F79EFBC}") = "LisMaternityHospital", "LisMaternityHospital\LisMaternityHospital.csproj", "{38F9C930-37CE-4CB9-81B1-ACC651B02242}"
EndProject
Global
	GlobalSection(SolutionConfigurationPlatforms) = preSolution
		Debug|Any CPU = Debug|Any CPU
		Release|Any CPU = Release|Any CPU
	EndGlobalSection
	GlobalSection(ProjectConfigurationPlatforms) = postSolution
		{38F9C930-37CE-4CB9-81B1-ACC651B02242}.Debug|Any CPU.ActiveCfg = Debug|Any CPU
		{38F9C930-37CE-4CB9-81B1-ACC651B02242}.Debug|Any CPU.Build.0 = Debug|Any CPU
		{38F9C930-37CE-4CB9-81B1-ACC651B02242}.Release|Any CPU.ActiveCfg = Release|Any CPU
		{38F9C930-37CE-4CB9-81B1-ACC651B02242}.Release|Any CPU.Build.0 = Release|Any CPU
	EndGlobalSection
	GlobalSection(SolutionProperties) = preSolution
		HideSolutionNode = FALSE
	EndGlobalSection
	GlobalSection(ExtensibilityGlobals) = postSolution
		SolutionGuid = {820F2C0E-C7DB-4281-8942-556936EF8716}
	EndGlobalSection
EndGlobal
